// !$*UTF8*$!
{
	archiveVersion = 1;
	classes = {
	};
	objectVersion = 56;
	objects = {

/* Begin PBXBuildFile section */
		8E02633A2B73E45900BD4562 /* VisionObjectRecognizerCpp.cpp in Sources */ = {isa = PBXBuildFile; fileRef = 8E50EA3A2B716A9300634123 /* VisionObjectRecognizerCpp.cpp */; };
		8E02633B2B73E45C00BD4562 /* VisionObjectRecognizer.swift in Sources */ = {isa = PBXBuildFile; fileRef = 8E50EA372B716A7300634123 /* VisionObjectRecognizer.swift */; };
		8E0263482B73EB6800BD4562 /* libVisionObjectRecognizer.a in Frameworks */ = {isa = PBXBuildFile; fileRef = 8E0263332B73E42400BD4562 /* libVisionObjectRecognizer.a */; };
		8E50EA242B716A4D00634123 /* AppDelegate.swift in Sources */ = {isa = PBXBuildFile; fileRef = 8E50EA232B716A4D00634123 /* AppDelegate.swift */; };
		8E50EA262B716A4D00634123 /* SceneDelegate.swift in Sources */ = {isa = PBXBuildFile; fileRef = 8E50EA252B716A4D00634123 /* SceneDelegate.swift */; };
		8E50EA282B716A4D00634123 /* ViewController.swift in Sources */ = {isa = PBXBuildFile; fileRef = 8E50EA272B716A4D00634123 /* ViewController.swift */; };
		8E50EA2B2B716A4D00634123 /* Main.storyboard in Resources */ = {isa = PBXBuildFile; fileRef = 8E50EA292B716A4D00634123 /* Main.storyboard */; };
		8E50EA2D2B716A4E00634123 /* Assets.xcassets in Resources */ = {isa = PBXBuildFile; fileRef = 8E50EA2C2B716A4E00634123 /* Assets.xcassets */; };
		8E50EA302B716A4E00634123 /* LaunchScreen.storyboard in Resources */ = {isa = PBXBuildFile; fileRef = 8E50EA2E2B716A4E00634123 /* LaunchScreen.storyboard */; };
/* End PBXBuildFile section */

/* Begin PBXContainerItemProxy section */
		8E0263462B73EB6000BD4562 /* PBXContainerItemProxy */ = {
			isa = PBXContainerItemProxy;
			containerPortal = 8E50EA182B716A4D00634123 /* Project object */;
			proxyType = 1;
			remoteGlobalIDString = 8E0263322B73E42400BD4562;
			remoteInfo = VisionObjectRecognizer;
		};
/* End PBXContainerItemProxy section */

/* Begin PBXCopyFilesBuildPhase section */
		8E0263312B73E42400BD4562 /* CopyFiles */ = {
			isa = PBXCopyFilesBuildPhase;
			buildActionMask = 2147483647;
			dstPath = "include/$(PRODUCT_NAME)";
			dstSubfolderSpec = 16;
			files = (
			);
			runOnlyForDeploymentPostprocessing = 0;
		};
/* End PBXCopyFilesBuildPhase section */

/* Begin PBXFileReference section */
		8E0263332B73E42400BD4562 /* libVisionObjectRecognizer.a */ = {isa = PBXFileReference; explicitFileType = archive.ar; includeInIndex = 0; path = libVisionObjectRecognizer.a; sourceTree = BUILT_PRODUCTS_DIR; };
		8E0263412B73E64100BD4562 /* VisionObjectRecognizer-Bridging-Header.h */ = {isa = PBXFileReference; fileEncoding = 4; lastKnownFileType = sourcecode.c.h; path = "VisionObjectRecognizer-Bridging-Header.h"; sourceTree = "<group>"; };
		8E50EA202B716A4D00634123 /* TestVisionObjectSelection.app */ = {isa = PBXFileReference; explicitFileType = wrapper.application; includeInIndex = 0; path = TestVisionObjectSelection.app; sourceTree = BUILT_PRODUCTS_DIR; };
		8E50EA232B716A4D00634123 /* AppDelegate.swift */ = {isa = PBXFileReference; lastKnownFileType = sourcecode.swift; path = AppDelegate.swift; sourceTree = "<group>"; };
		8E50EA252B716A4D00634123 /* SceneDelegate.swift */ = {isa = PBXFileReference; lastKnownFileType = sourcecode.swift; path = SceneDelegate.swift; sourceTree = "<group>"; };
		8E50EA272B716A4D00634123 /* ViewController.swift */ = {isa = PBXFileReference; lastKnownFileType = sourcecode.swift; path = ViewController.swift; sourceTree = "<group>"; };
		8E50EA2A2B716A4D00634123 /* Base */ = {isa = PBXFileReference; lastKnownFileType = file.storyboard; name = Base; path = Base.lproj/Main.storyboard; sourceTree = "<group>"; };
		8E50EA2C2B716A4E00634123 /* Assets.xcassets */ = {isa = PBXFileReference; lastKnownFileType = folder.assetcatalog; path = Assets.xcassets; sourceTree = "<group>"; };
		8E50EA2F2B716A4E00634123 /* Base */ = {isa = PBXFileReference; lastKnownFileType = file.storyboard; name = Base; path = Base.lproj/LaunchScreen.storyboard; sourceTree = "<group>"; };
		8E50EA312B716A4E00634123 /* Info.plist */ = {isa = PBXFileReference; lastKnownFileType = text.plist.xml; path = Info.plist; sourceTree = "<group>"; };
		8E50EA372B716A7300634123 /* VisionObjectRecognizer.swift */ = {isa = PBXFileReference; lastKnownFileType = sourcecode.swift; path = VisionObjectRecognizer.swift; sourceTree = "<group>"; };
		8E50EA3A2B716A9300634123 /* VisionObjectRecognizerCpp.cpp */ = {isa = PBXFileReference; lastKnownFileType = sourcecode.cpp.cpp; path = VisionObjectRecognizerCpp.cpp; sourceTree = "<group>"; };
		8E50EA3B2B716A9300634123 /* VisionObjectRecognizerCpp.hpp */ = {isa = PBXFileReference; lastKnownFileType = sourcecode.cpp.h; path = VisionObjectRecognizerCpp.hpp; sourceTree = "<group>"; };
/* End PBXFileReference section */

/* Begin PBXFrameworksBuildPhase section */
		8E0263302B73E42400BD4562 /* Frameworks */ = {
			isa = PBXFrameworksBuildPhase;
			buildActionMask = 2147483647;
			files = (
			);
			runOnlyForDeploymentPostprocessing = 0;
		};
		8E50EA1D2B716A4D00634123 /* Frameworks */ = {
			isa = PBXFrameworksBuildPhase;
			buildActionMask = 2147483647;
			files = (
				8E0263482B73EB6800BD4562 /* libVisionObjectRecognizer.a in Frameworks */,
			);
			runOnlyForDeploymentPostprocessing = 0;
		};
/* End PBXFrameworksBuildPhase section */

/* Begin PBXGroup section */
		8E0263342B73E42400BD4562 /* VisionObjectRecognizer */ = {
			isa = PBXGroup;
			children = (
				8E0263412B73E64100BD4562 /* VisionObjectRecognizer-Bridging-Header.h */,
				8E50EA372B716A7300634123 /* VisionObjectRecognizer.swift */,
				8E50EA3A2B716A9300634123 /* VisionObjectRecognizerCpp.cpp */,
				8E50EA3B2B716A9300634123 /* VisionObjectRecognizerCpp.hpp */,
			);
			path = VisionObjectRecognizer;
			sourceTree = "<group>";
		};
		8E0263442B73EA4A00BD4562 /* Frameworks */ = {
			isa = PBXGroup;
			children = (
			);
			name = Frameworks;
			sourceTree = "<group>";
		};
		8E50EA172B716A4D00634123 = {
			isa = PBXGroup;
			children = (
				8E50EA222B716A4D00634123 /* TestVisionObjectSelection */,
				8E0263342B73E42400BD4562 /* VisionObjectRecognizer */,
				8E50EA212B716A4D00634123 /* Products */,
				8E0263442B73EA4A00BD4562 /* Frameworks */,
			);
			sourceTree = "<group>";
		};
		8E50EA212B716A4D00634123 /* Products */ = {
			isa = PBXGroup;
			children = (
				8E50EA202B716A4D00634123 /* TestVisionObjectSelection.app */,
				8E0263332B73E42400BD4562 /* libVisionObjectRecognizer.a */,
			);
			name = Products;
			sourceTree = "<group>";
		};
		8E50EA222B716A4D00634123 /* TestVisionObjectSelection */ = {
			isa = PBXGroup;
			children = (
				8E50EA232B716A4D00634123 /* AppDelegate.swift */,
				8E50EA252B716A4D00634123 /* SceneDelegate.swift */,
				8E50EA272B716A4D00634123 /* ViewController.swift */,
				8E50EA292B716A4D00634123 /* Main.storyboard */,
				8E50EA2C2B716A4E00634123 /* Assets.xcassets */,
				8E50EA2E2B716A4E00634123 /* LaunchScreen.storyboard */,
				8E50EA312B716A4E00634123 /* Info.plist */,
			);
			path = TestVisionObjectSelection;
			sourceTree = "<group>";
		};
/* End PBXGroup section */

/* Begin PBXNativeTarget section */
		8E0263322B73E42400BD4562 /* VisionObjectRecognizer */ = {
			isa = PBXNativeTarget;
			buildConfigurationList = 8E0263392B73E42400BD4562 /* Build configuration list for PBXNativeTarget "VisionObjectRecognizer" */;
			buildPhases = (
				8E02632F2B73E42400BD4562 /* Sources */,
				8E0263302B73E42400BD4562 /* Frameworks */,
				8E0263312B73E42400BD4562 /* CopyFiles */,
			);
			buildRules = (
			);
			dependencies = (
			);
			name = VisionObjectRecognizer;
			productName = VisionObjectRecognizer;
			productReference = 8E0263332B73E42400BD4562 /* libVisionObjectRecognizer.a */;
			productType = "com.apple.product-type.library.static";
		};
		8E50EA1F2B716A4D00634123 /* TestVisionObjectSelection */ = {
			isa = PBXNativeTarget;
			buildConfigurationList = 8E50EA342B716A4E00634123 /* Build configuration list for PBXNativeTarget "TestVisionObjectSelection" */;
			buildPhases = (
				8E50EA1C2B716A4D00634123 /* Sources */,
				8E50EA1D2B716A4D00634123 /* Frameworks */,
				8E50EA1E2B716A4D00634123 /* Resources */,
			);
			buildRules = (
			);
			dependencies = (
				8E0263472B73EB6000BD4562 /* PBXTargetDependency */,
			);
			name = TestVisionObjectSelection;
			productName = TestVisionObjectSelection;
			productReference = 8E50EA202B716A4D00634123 /* TestVisionObjectSelection.app */;
			productType = "com.apple.product-type.application";
		};
/* End PBXNativeTarget section */

/* Begin PBXProject section */
		8E50EA182B716A4D00634123 /* Project object */ = {
			isa = PBXProject;
			attributes = {
				BuildIndependentTargetsInParallel = 1;
				LastSwiftUpdateCheck = 1500;
				LastUpgradeCheck = 1500;
				TargetAttributes = {
					8E0263322B73E42400BD4562 = {
						CreatedOnToolsVersion = 15.0.1;
					};
					8E50EA1F2B716A4D00634123 = {
						CreatedOnToolsVersion = 15.0.1;
						LastSwiftMigration = 1500;
					};
				};
			};
			buildConfigurationList = 8E50EA1B2B716A4D00634123 /* Build configuration list for PBXProject "TestVisionObjectSelection" */;
			compatibilityVersion = "Xcode 14.0";
			developmentRegion = en;
			hasScannedForEncodings = 0;
			knownRegions = (
				en,
				Base,
			);
			mainGroup = 8E50EA172B716A4D00634123;
			productRefGroup = 8E50EA212B716A4D00634123 /* Products */;
			projectDirPath = "";
			projectRoot = "";
			targets = (
				8E50EA1F2B716A4D00634123 /* TestVisionObjectSelection */,
				8E0263322B73E42400BD4562 /* VisionObjectRecognizer */,
			);
		};
/* End PBXProject section */

/* Begin PBXResourcesBuildPhase section */
		8E50EA1E2B716A4D00634123 /* Resources */ = {
			isa = PBXResourcesBuildPhase;
			buildActionMask = 2147483647;
			files = (
				8E50EA302B716A4E00634123 /* LaunchScreen.storyboard in Resources */,
				8E50EA2D2B716A4E00634123 /* Assets.xcassets in Resources */,
				8E50EA2B2B716A4D00634123 /* Main.storyboard in Resources */,
			);
			runOnlyForDeploymentPostprocessing = 0;
		};
/* End PBXResourcesBuildPhase section */

/* Begin PBXSourcesBuildPhase section */
		8E02632F2B73E42400BD4562 /* Sources */ = {
			isa = PBXSourcesBuildPhase;
			buildActionMask = 2147483647;
			files = (
				8E02633B2B73E45C00BD4562 /* VisionObjectRecognizer.swift in Sources */,
				8E02633A2B73E45900BD4562 /* VisionObjectRecognizerCpp.cpp in Sources */,
			);
			runOnlyForDeploymentPostprocessing = 0;
		};
		8E50EA1C2B716A4D00634123 /* Sources */ = {
			isa = PBXSourcesBuildPhase;
			buildActionMask = 2147483647;
			files = (
				8E50EA282B716A4D00634123 /* ViewController.swift in Sources */,
				8E50EA242B716A4D00634123 /* AppDelegate.swift in Sources */,
				8E50EA262B716A4D00634123 /* SceneDelegate.swift in Sources */,
			);
			runOnlyForDeploymentPostprocessing = 0;
		};
/* End PBXSourcesBuildPhase section */

/* Begin PBXTargetDependency section */
		8E0263472B73EB6000BD4562 /* PBXTargetDependency */ = {
			isa = PBXTargetDependency;
			target = 8E0263322B73E42400BD4562 /* VisionObjectRecognizer */;
			targetProxy = 8E0263462B73EB6000BD4562 /* PBXContainerItemProxy */;
		};
/* End PBXTargetDependency section */

/* Begin PBXVariantGroup section */
		8E50EA292B716A4D00634123 /* Main.storyboard */ = {
			isa = PBXVariantGroup;
			children = (
				8E50EA2A2B716A4D00634123 /* Base */,
			);
			name = Main.storyboard;
			sourceTree = "<group>";
		};
		8E50EA2E2B716A4E00634123 /* LaunchScreen.storyboard */ = {
			isa = PBXVariantGroup;
			children = (
				8E50EA2F2B716A4E00634123 /* Base */,
			);
			name = LaunchScreen.storyboard;
			sourceTree = "<group>";
		};
/* End PBXVariantGroup section */

/* Begin XCBuildConfiguration section */
		8E0263372B73E42400BD4562 /* Debug */ = {
			isa = XCBuildConfiguration;
			buildSettings = {
				CODE_SIGN_STYLE = Automatic;
				DEVELOPMENT_TEAM = M4EZ4J3476;
				OTHER_LDFLAGS = "-ObjC";
				PRODUCT_NAME = "$(TARGET_NAME)";
				SKIP_INSTALL = YES;
				SWIFT_OBJC_BRIDGING_HEADER = "VisionObjectRecognizer/VisionObjectRecognizer-Bridging-Header.h";
				SWIFT_OBJC_INTEROP_MODE = objcxx;
				SWIFT_VERSION = 5.0;
				TARGETED_DEVICE_FAMILY = "1,2";
			};
			name = Debug;
		};
		8E0263382B73E42400BD4562 /* Release */ = {
			isa = XCBuildConfiguration;
			buildSettings = {
				CODE_SIGN_STYLE = Automatic;
				DEVELOPMENT_TEAM = M4EZ4J3476;
				OTHER_LDFLAGS = "-ObjC";
				PRODUCT_NAME = "$(TARGET_NAME)";
				SKIP_INSTALL = YES;
				SWIFT_OBJC_BRIDGING_HEADER = "VisionObjectRecognizer/VisionObjectRecognizer-Bridging-Header.h";
				SWIFT_OBJC_INTEROP_MODE = objcxx;
				SWIFT_VERSION = 5.0;
				TARGETED_DEVICE_FAMILY = "1,2";
			};
			name = Release;
		};
		8E50EA322B716A4E00634123 /* Debug */ = {
			isa = XCBuildConfiguration;
			buildSettings = {
				ALWAYS_SEARCH_USER_PATHS = NO;
				ASSETCATALOG_COMPILER_GENERATE_SWIFT_ASSET_SYMBOL_EXTENSIONS = YES;
				CLANG_ANALYZER_NONNULL = YES;
				CLANG_ANALYZER_NUMBER_OBJECT_CONVERSION = YES_AGGRESSIVE;
				CLANG_CXX_LANGUAGE_STANDARD = "gnu++20";
				CLANG_ENABLE_MODULES = YES;
				CLANG_ENABLE_OBJC_ARC = YES;
				CLANG_ENABLE_OBJC_WEAK = YES;
				CLANG_WARN_BLOCK_CAPTURE_AUTORELEASING = YES;
				CLANG_WARN_BOOL_CONVERSION = YES;
				CLANG_WARN_COMMA = YES;
				CLANG_WARN_CONSTANT_CONVERSION = YES;
				CLANG_WARN_DEPRECATED_OBJC_IMPLEMENTATIONS = YES;
				CLANG_WARN_DIRECT_OBJC_ISA_USAGE = YES_ERROR;
				CLANG_WARN_DOCUMENTATION_COMMENTS = YES;
				CLANG_WARN_EMPTY_BODY = YES;
				CLANG_WARN_ENUM_CONVERSION = YES;
				CLANG_WARN_INFINITE_RECURSION = YES;
				CLANG_WARN_INT_CONVERSION = YES;
				CLANG_WARN_NON_LITERAL_NULL_CONVERSION = YES;
				CLANG_WARN_OBJC_IMPLICIT_RETAIN_SELF = YES;
				CLANG_WARN_OBJC_LITERAL_CONVERSION = YES;
				CLANG_WARN_OBJC_ROOT_CLASS = YES_ERROR;
				CLANG_WARN_QUOTED_INCLUDE_IN_FRAMEWORK_HEADER = YES;
				CLANG_WARN_RANGE_LOOP_ANALYSIS = YES;
				CLANG_WARN_STRICT_PROTOTYPES = YES;
				CLANG_WARN_SUSPICIOUS_MOVE = YES;
				CLANG_WARN_UNGUARDED_AVAILABILITY = YES_AGGRESSIVE;
				CLANG_WARN_UNREACHABLE_CODE = YES;
				CLANG_WARN__DUPLICATE_METHOD_MATCH = YES;
				COPY_PHASE_STRIP = NO;
				DEBUG_INFORMATION_FORMAT = dwarf;
				ENABLE_STRICT_OBJC_MSGSEND = YES;
				ENABLE_TESTABILITY = YES;
				ENABLE_USER_SCRIPT_SANDBOXING = YES;
				GCC_C_LANGUAGE_STANDARD = gnu17;
				GCC_DYNAMIC_NO_PIC = NO;
				GCC_NO_COMMON_BLOCKS = YES;
				GCC_OPTIMIZATION_LEVEL = 0;
				GCC_PREPROCESSOR_DEFINITIONS = (
					"DEBUG=1",
					"$(inherited)",
				);
				GCC_WARN_64_TO_32_BIT_CONVERSION = YES;
				GCC_WARN_ABOUT_RETURN_TYPE = YES_ERROR;
				GCC_WARN_UNDECLARED_SELECTOR = YES;
				GCC_WARN_UNINITIALIZED_AUTOS = YES_AGGRESSIVE;
				GCC_WARN_UNUSED_FUNCTION = YES;
				GCC_WARN_UNUSED_VARIABLE = YES;
				IPHONEOS_DEPLOYMENT_TARGET = 17.0;
				LOCALIZATION_PREFERS_STRING_CATALOGS = YES;
				MTL_ENABLE_DEBUG_INFO = INCLUDE_SOURCE;
				MTL_FAST_MATH = YES;
				ONLY_ACTIVE_ARCH = YES;
				SDKROOT = iphoneos;
				SWIFT_ACTIVE_COMPILATION_CONDITIONS = "DEBUG $(inherited)";
				SWIFT_OPTIMIZATION_LEVEL = "-Onone";
			};
			name = Debug;
		};
		8E50EA332B716A4E00634123 /* Release */ = {
			isa = XCBuildConfiguration;
			buildSettings = {
				ALWAYS_SEARCH_USER_PATHS = NO;
				ASSETCATALOG_COMPILER_GENERATE_SWIFT_ASSET_SYMBOL_EXTENSIONS = YES;
				CLANG_ANALYZER_NONNULL = YES;
				CLANG_ANALYZER_NUMBER_OBJECT_CONVERSION = YES_AGGRESSIVE;
				CLANG_CXX_LANGUAGE_STANDARD = "gnu++20";
				CLANG_ENABLE_MODULES = YES;
				CLANG_ENABLE_OBJC_ARC = YES;
				CLANG_ENABLE_OBJC_WEAK = YES;
				CLANG_WARN_BLOCK_CAPTURE_AUTORELEASING = YES;
				CLANG_WARN_BOOL_CONVERSION = YES;
				CLANG_WARN_COMMA = YES;
				CLANG_WARN_CONSTANT_CONVERSION = YES;
				CLANG_WARN_DEPRECATED_OBJC_IMPLEMENTATIONS = YES;
				CLANG_WARN_DIRECT_OBJC_ISA_USAGE = YES_ERROR;
				CLANG_WARN_DOCUMENTATION_COMMENTS = YES;
				CLANG_WARN_EMPTY_BODY = YES;
				CLANG_WARN_ENUM_CONVERSION = YES;
				CLANG_WARN_INFINITE_RECURSION = YES;
				CLANG_WARN_INT_CONVERSION = YES;
				CLANG_WARN_NON_LITERAL_NULL_CONVERSION = YES;
				CLANG_WARN_OBJC_IMPLICIT_RETAIN_SELF = YES;
				CLANG_WARN_OBJC_LITERAL_CONVERSION = YES;
				CLANG_WARN_OBJC_ROOT_CLASS = YES_ERROR;
				CLANG_WARN_QUOTED_INCLUDE_IN_FRAMEWORK_HEADER = YES;
				CLANG_WARN_RANGE_LOOP_ANALYSIS = YES;
				CLANG_WARN_STRICT_PROTOTYPES = YES;
				CLANG_WARN_SUSPICIOUS_MOVE = YES;
				CLANG_WARN_UNGUARDED_AVAILABILITY = YES_AGGRESSIVE;
				CLANG_WARN_UNREACHABLE_CODE = YES;
				CLANG_WARN__DUPLICATE_METHOD_MATCH = YES;
				COPY_PHASE_STRIP = NO;
				DEBUG_INFORMATION_FORMAT = "dwarf-with-dsym";
				ENABLE_NS_ASSERTIONS = NO;
				ENABLE_STRICT_OBJC_MSGSEND = YES;
				ENABLE_USER_SCRIPT_SANDBOXING = YES;
				GCC_C_LANGUAGE_STANDARD = gnu17;
				GCC_NO_COMMON_BLOCKS = YES;
				GCC_WARN_64_TO_32_BIT_CONVERSION = YES;
				GCC_WARN_ABOUT_RETURN_TYPE = YES_ERROR;
				GCC_WARN_UNDECLARED_SELECTOR = YES;
				GCC_WARN_UNINITIALIZED_AUTOS = YES_AGGRESSIVE;
				GCC_WARN_UNUSED_FUNCTION = YES;
				GCC_WARN_UNUSED_VARIABLE = YES;
				IPHONEOS_DEPLOYMENT_TARGET = 17.0;
				LOCALIZATION_PREFERS_STRING_CATALOGS = YES;
				MTL_ENABLE_DEBUG_INFO = NO;
				MTL_FAST_MATH = YES;
				SDKROOT = iphoneos;
				SWIFT_COMPILATION_MODE = wholemodule;
				VALIDATE_PRODUCT = YES;
			};
			name = Release;
		};
		8E50EA352B716A4E00634123 /* Debug */ = {
			isa = XCBuildConfiguration;
			buildSettings = {
				ASSETCATALOG_COMPILER_APPICON_NAME = AppIcon;
				ASSETCATALOG_COMPILER_GLOBAL_ACCENT_COLOR_NAME = AccentColor;
				CLANG_ENABLE_MODULES = YES;
				CODE_SIGN_STYLE = Automatic;
				CURRENT_PROJECT_VERSION = 1;
				DEVELOPMENT_TEAM = M4EZ4J3476;
				GCC_PREPROCESSOR_DEFINITIONS = "$(inherited)";
				GENERATE_INFOPLIST_FILE = YES;
				HEADER_SEARCH_PATHS = "";
				INFOPLIST_FILE = TestVisionObjectSelection/Info.plist;
				INFOPLIST_KEY_UIApplicationSupportsIndirectInputEvents = YES;
				INFOPLIST_KEY_UILaunchStoryboardName = LaunchScreen;
				INFOPLIST_KEY_UIMainStoryboardFile = Main;
				INFOPLIST_KEY_UISupportedInterfaceOrientations_iPad = "UIInterfaceOrientationPortrait UIInterfaceOrientationPortraitUpsideDown UIInterfaceOrientationLandscapeLeft UIInterfaceOrientationLandscapeRight";
				INFOPLIST_KEY_UISupportedInterfaceOrientations_iPhone = "UIInterfaceOrientationPortrait UIInterfaceOrientationLandscapeLeft UIInterfaceOrientationLandscapeRight";
				LD_RUNPATH_SEARCH_PATHS = (
					"$(inherited)",
					"@executable_path/Frameworks",
				);
				MARKETING_VERSION = 1.0;
				PRODUCT_BUNDLE_IDENTIFIER = kavana.TestVisionObjectSelection;
				PRODUCT_NAME = "$(TARGET_NAME)";
				SWIFT_EMIT_LOC_STRINGS = YES;
				SWIFT_OBJC_BRIDGING_HEADER = "";
				SWIFT_OBJC_INTEROP_MODE = objcxx;
				SWIFT_OPTIMIZATION_LEVEL = "-Onone";
				SWIFT_VERSION = 5.0;
				TARGETED_DEVICE_FAMILY = "1,2";
			};
			name = Debug;
		};
		8E50EA362B716A4E00634123 /* Release */ = {
			isa = XCBuildConfiguration;
			buildSettings = {
				ASSETCATALOG_COMPILER_APPICON_NAME = AppIcon;
				ASSETCATALOG_COMPILER_GLOBAL_ACCENT_COLOR_NAME = AccentColor;
				CLANG_ENABLE_MODULES = YES;
				CODE_SIGN_STYLE = Automatic;
				CURRENT_PROJECT_VERSION = 1;
				DEVELOPMENT_TEAM = M4EZ4J3476;
				GENERATE_INFOPLIST_FILE = YES;
				HEADER_SEARCH_PATHS = "";
				INFOPLIST_FILE = TestVisionObjectSelection/Info.plist;
				INFOPLIST_KEY_UIApplicationSupportsIndirectInputEvents = YES;
				INFOPLIST_KEY_UILaunchStoryboardName = LaunchScreen;
				INFOPLIST_KEY_UIMainStoryboardFile = Main;
				INFOPLIST_KEY_UISupportedInterfaceOrientations_iPad = "UIInterfaceOrientationPortrait UIInterfaceOrientationPortraitUpsideDown UIInterfaceOrientationLandscapeLeft UIInterfaceOrientationLandscapeRight";
				INFOPLIST_KEY_UISupportedInterfaceOrientations_iPhone = "UIInterfaceOrientationPortrait UIInterfaceOrientationLandscapeLeft UIInterfaceOrientationLandscapeRight";
				LD_RUNPATH_SEARCH_PATHS = (
					"$(inherited)",
					"@executable_path/Frameworks",
				);
				MARKETING_VERSION = 1.0;
				PRODUCT_BUNDLE_IDENTIFIER = kavana.TestVisionObjectSelection;
				PRODUCT_NAME = "$(TARGET_NAME)";
				SWIFT_EMIT_LOC_STRINGS = YES;
				SWIFT_OBJC_BRIDGING_HEADER = "";
				SWIFT_OBJC_INTEROP_MODE = objcxx;
				SWIFT_VERSION = 5.0;
				TARGETED_DEVICE_FAMILY = "1,2";
			};
			name = Release;
		};
/* End XCBuildConfiguration section */

/* Begin XCConfigurationList section */
		8E0263392B73E42400BD4562 /* Build configuration list for PBXNativeTarget "VisionObjectRecognizer" */ = {
			isa = XCConfigurationList;
			buildConfigurations = (
				8E0263372B73E42400BD4562 /* Debug */,
				8E0263382B73E42400BD4562 /* Release */,
			);
			defaultConfigurationIsVisible = 0;
			defaultConfigurationName = Release;
		};
		8E50EA1B2B716A4D00634123 /* Build configuration list for PBXProject "TestVisionObjectSelection" */ = {
			isa = XCConfigurationList;
			buildConfigurations = (
				8E50EA322B716A4E00634123 /* Debug */,
				8E50EA332B716A4E00634123 /* Release */,
			);
			defaultConfigurationIsVisible = 0;
			defaultConfigurationName = Release;
		};
		8E50EA342B716A4E00634123 /* Build configuration list for PBXNativeTarget "TestVisionObjectSelection" */ = {
			isa = XCConfigurationList;
			buildConfigurations = (
				8E50EA352B716A4E00634123 /* Debug */,
				8E50EA362B716A4E00634123 /* Release */,
			);
			defaultConfigurationIsVisible = 0;
			defaultConfigurationName = Release;
		};
/* End XCConfigurationList section */
	};
	rootObject = 8E50EA182B716A4D00634123 /* Project object */;
}
